
Microsoft Visual Studio Solution File, Format Version 12.00
# Visual Studio Version 17
VisualStudioVersion = 17.8.34525.116
MinimumVisualStudioVersion = 10.0.40219.1
Project("{9A19103F-16F7-4668-BE54-9A1E7A4F7556}") = "MessageGenerator", "MessageGenerator\MessageGenerator.csproj", "{B07D5623-521A-4479-8DED-473F56494282}"
EndProject
Project("{9A19103F-16F7-4668-BE54-9A1E7A4F7556}") = "MessageGeneratorSystem", "MessageGeneratorSystem\MessageGeneratorSystem.csproj", "{F25F9866-6B7A-4638-97C9-9D573B5AE5B8}"
EndProject
Project("{9A19103F-16F7-4668-BE54-9A1E7A4F7556}") = "MessageGeneratorTest", "MessageGeneratorTest\MessageGeneratorTest.csproj", "{61BE57D7-A473-489A-A44B-0CF6AC043D86}"
EndProject
Project("{54435603-DBB4-11D2-8724-00A0C9A8B90C}") = "MessageGeneratorInstaller", "MessageGeneratorInstaller\MessageGeneratorInstaller.vdproj", "{6E2D0363-8CFA-4FBC-9C3C-D078660D21D8}"
EndProject
Global
	GlobalSection(SolutionConfigurationPlatforms) = preSolution
		Debug|Any CPU = Debug|Any CPU
		Debug|ARM64 = Debug|ARM64
		Debug|x64 = Debug|x64
		Debug|x86 = Debug|x86
		Release|Any CPU = Release|Any CPU
		Release|ARM64 = Release|ARM64
		Release|x64 = Release|x64
		Release|x86 = Release|x86
	EndGlobalSection
	GlobalSection(ProjectConfigurationPlatforms) = postSolution
		{B07D5623-521A-4479-8DED-473F56494282}.Debug|Any CPU.ActiveCfg = Debug|x64
		{B07D5623-521A-4479-8DED-473F56494282}.Debug|Any CPU.Build.0 = Debug|x64
		{B07D5623-521A-4479-8DED-473F56494282}.Debug|Any CPU.Deploy.0 = Debug|x64
		{B07D5623-521A-4479-8DED-473F56494282}.Debug|ARM64.ActiveCfg = Debug|ARM64
		{B07D5623-521A-4479-8DED-473F56494282}.Debug|ARM64.Build.0 = Debug|ARM64
		{B07D5623-521A-4479-8DED-473F56494282}.Debug|ARM64.Deploy.0 = Debug|ARM64
		{B07D5623-521A-4479-8DED-473F56494282}.Debug|x64.ActiveCfg = Debug|x64
		{B07D5623-521A-4479-8DED-473F56494282}.Debug|x64.Build.0 = Debug|x64
		{B07D5623-521A-4479-8DED-473F56494282}.Debug|x64.Deploy.0 = Debug|x64
		{B07D5623-521A-4479-8DED-473F56494282}.Debug|x86.ActiveCfg = Debug|x86
		{B07D5623-521A-4479-8DED-473F56494282}.Debug|x86.Build.0 = Debug|x86
		{B07D5623-521A-4479-8DED-473F56494282}.Debug|x86.Deploy.0 = Debug|x86
		{B07D5623-521A-4479-8DED-473F56494282}.Release|Any CPU.ActiveCfg = Release|x64
		{B07D5623-521A-4479-8DED-473F56494282}.Release|Any CPU.Build.0 = Release|x64
		{B07D5623-521A-4479-8DED-473F56494282}.Release|Any CPU.Deploy.0 = Release|x64
		{B07D5623-521A-4479-8DED-473F56494282}.Release|ARM64.ActiveCfg = Release|ARM64
		{B07D5623-521A-4479-8DED-473F56494282}.Release|ARM64.Build.0 = Release|ARM64
		{B07D5623-521A-4479-8DED-473F56494282}.Release|ARM64.Deploy.0 = Release|ARM64
		{B07D5623-521A-4479-8DED-473F56494282}.Release|x64.ActiveCfg = Release|x64
		{B07D5623-521A-4479-8DED-473F56494282}.Release|x64.Build.0 = Release|x64
		{B07D5623-521A-4479-8DED-473F56494282}.Release|x64.Deploy.0 = Release|x64
		{B07D5623-521A-4479-8DED-473F56494282}.Release|x86.ActiveCfg = Release|x86
		{B07D5623-521A-4479-8DED-473F56494282}.Release|x86.Build.0 = Release|x86
		{B07D5623-521A-4479-8DED-473F56494282}.Release|x86.Deploy.0 = Release|x86
		{F25F9866-6B7A-4638-97C9-9D573B5AE5B8}.Debug|Any CPU.ActiveCfg = Debug|Any CPU
		{F25F9866-6B7A-4638-97C9-9D573B5AE5B8}.Debug|Any CPU.Build.0 = Debug|Any CPU
		{F25F9866-6B7A-4638-97C9-9D573B5AE5B8}.Debug|ARM64.ActiveCfg = Debug|Any CPU
		{F25F9866-6B7A-4638-97C9-9D573B5AE5B8}.Debug|ARM64.Build.0 = Debug|Any CPU
		{F25F9866-6B7A-4638-97C9-9D573B5AE5B8}.Debug|x64.ActiveCfg = Debug|Any CPU
		{F25F9866-6B7A-4638-97C9-9D573B5AE5B8}.Debug|x64.Build.0 = Debug|Any CPU
		{F25F9866-6B7A-4638-97C9-9D573B5AE5B8}.Debug|x86.ActiveCfg = Debug|Any CPU
		{F25F9866-6B7A-4638-97C9-9D573B5AE5B8}.Debug|x86.Build.0 = Debug|Any CPU
		{F25F9866-6B7A-4638-97C9-9D573B5AE5B8}.Release|Any CPU.ActiveCfg = Release|Any CPU
		{F25F9866-6B7A-4638-97C9-9D573B5AE5B8}.Release|Any CPU.Build.0 = Release|Any CPU
		{F25F9866-6B7A-4638-97C9-9D573B5AE5B8}.Release|ARM64.ActiveCfg = Release|Any CPU
		{F25F9866-6B7A-4638-97C9-9D573B5AE5B8}.Release|ARM64.Build.0 = Release|Any CPU
		{F25F9866-6B7A-4638-97C9-9D573B5AE5B8}.Release|x64.ActiveCfg = Release|Any CPU
		{F25F9866-6B7A-4638-97C9-9D573B5AE5B8}.Release|x64.Build.0 = Release|Any CPU
		{F25F9866-6B7A-4638-97C9-9D573B5AE5B8}.Release|x86.ActiveCfg = Release|Any CPU
		{F25F9866-6B7A-4638-97C9-9D573B5AE5B8}.Release|x86.Build.0 = Release|Any CPU
		{61BE57D7-A473-489A-A44B-0CF6AC043D86}.Debug|Any CPU.ActiveCfg = Debug|Any CPU
		{61BE57D7-A473-489A-A44B-0CF6AC043D86}.Debug|Any CPU.Build.0 = Debug|Any CPU
		{61BE57D7-A473-489A-A44B-0CF6AC043D86}.Debug|ARM64.ActiveCfg = Debug|Any CPU
		{61BE57D7-A473-489A-A44B-0CF6AC043D86}.Debug|ARM64.Build.0 = Debug|Any CPU
		{61BE57D7-A473-489A-A44B-0CF6AC043D86}.Debug|x64.ActiveCfg = Debug|Any CPU
		{61BE57D7-A473-489A-A44B-0CF6AC043D86}.Debug|x64.Build.0 = Debug|Any CPU
		{61BE57D7-A473-489A-A44B-0CF6AC043D86}.Debug|x86.ActiveCfg = Debug|Any CPU
		{61BE57D7-A473-489A-A44B-0CF6AC043D86}.Debug|x86.Build.0 = Debug|Any CPU
		{61BE57D7-A473-489A-A44B-0CF6AC043D86}.Release|Any CPU.ActiveCfg = Release|Any CPU
		{61BE57D7-A473-489A-A44B-0CF6AC043D86}.Release|Any CPU.Build.0 = Release|Any CPU
		{61BE57D7-A473-489A-A44B-0CF6AC043D86}.Release|ARM64.ActiveCfg = Release|Any CPU
		{61BE57D7-A473-489A-A44B-0CF6AC043D86}.Release|ARM64.Build.0 = Release|Any CPU
		{61BE57D7-A473-489A-A44B-0CF6AC043D86}.Release|x64.ActiveCfg = Release|Any CPU
		{61BE57D7-A473-489A-A44B-0CF6AC043D86}.Release|x64.Build.0 = Release|Any CPU
		{61BE57D7-A473-489A-A44B-0CF6AC043D86}.Release|x86.ActiveCfg = Release|Any CPU
		{61BE57D7-A473-489A-A44B-0CF6AC043D86}.Release|x86.Build.0 = Release|Any CPU
		{6E2D0363-8CFA-4FBC-9C3C-D078660D21D8}.Debug|Any CPU.ActiveCfg = Debug
		{6E2D0363-8CFA-4FBC-9C3C-D078660D21D8}.Debug|ARM64.ActiveCfg = Debug
		{6E2D0363-8CFA-4FBC-9C3C-D078660D21D8}.Debug|x64.ActiveCfg = Debug
		{6E2D0363-8CFA-4FBC-9C3C-D078660D21D8}.Debug|x86.ActiveCfg = Debug
		{6E2D0363-8CFA-4FBC-9C3C-D078660D21D8}.Release|Any CPU.ActiveCfg = Release
		{6E2D0363-8CFA-4FBC-9C3C-D078660D21D8}.Release|ARM64.ActiveCfg = Release
		{6E2D0363-8CFA-4FBC-9C3C-D078660D21D8}.Release|x64.ActiveCfg = Release
		{6E2D0363-8CFA-4FBC-9C3C-D078660D21D8}.Release|x86.ActiveCfg = Release
	EndGlobalSection
	GlobalSection(SolutionProperties) = preSolution
		HideSolutionNode = FALSE
	EndGlobalSection
	GlobalSection(ExtensibilityGlobals) = postSolution
		SolutionGuid = {4BA30C6B-0E86-4545-AF36-84338DBBBF30}
	EndGlobalSection
EndGlobal
